
Microsoft Visual Studio Solution File, Format Version 12.00
# Visual Studio Version 17
VisualStudioVersion = 17.3.32804.467
MinimumVisualStudioVersion = 10.0.40219.1
Project("{FAE04EC0-301F-11D3-BF4B-00C04F79EFBC}") = "ManejoPresupuestos", "ManejoPresupuestos\ManejoPresupuestos.csproj", "{251B3051-02A8-48E6-9767-52480CFE8EA4}"
EndProject
Global
	GlobalSection(SolutionConfigurationPlatforms) = preSolution
		Debug|Any CPU = Debug|Any CPU
		Release|Any CPU = Release|Any CPU
	EndGlobalSection
	GlobalSection(ProjectConfigurationPlatforms) = postSolution
		{251B3051-02A8-48E6-9767-52480CFE8EA4}.Debug|Any CPU.ActiveCfg = Debug|Any CPU
		{251B3051-02A8-48E6-9767-52480CFE8EA4}.Debug|Any CPU.Build.0 = Debug|Any CPU
		{251B3051-02A8-48E6-9767-52480CFE8EA4}.Release|Any CPU.ActiveCfg = Release|Any CPU
		{251B3051-02A8-48E6-9767-52480CFE8EA4}.Release|Any CPU.Build.0 = Release|Any CPU
	EndGlobalSection
	GlobalSection(SolutionProperties) = preSolution
		HideSolutionNode = FALSE
	EndGlobalSection
	GlobalSection(ExtensibilityGlobals) = postSolution
		SolutionGuid = {BDBAF1F7-5105-44DC-930D-4BB1235E22A4}
	EndGlobalSection
EndGlobal
